// !$*UTF8*$!
{
	archiveVersion = 1;
	classes = {
	};
	objectVersion = 56;
	objects = {

/* Begin PBXBuildFile section */
		020920262B1F570B00DFBDAC /* AppDelegate.swift in Sources */ = {isa = PBXBuildFile; fileRef = 020920252B1F570B00DFBDAC /* AppDelegate.swift */; };
		020920282B1F570B00DFBDAC /* SceneDelegate.swift in Sources */ = {isa = PBXBuildFile; fileRef = 020920272B1F570B00DFBDAC /* SceneDelegate.swift */; };
		0209202A2B1F570B00DFBDAC /* ViewController.swift in Sources */ = {isa = PBXBuildFile; fileRef = 020920292B1F570B00DFBDAC /* ViewController.swift */; };
		0209202D2B1F570B00DFBDAC /* Main.storyboard in Resources */ = {isa = PBXBuildFile; fileRef = 0209202B2B1F570B00DFBDAC /* Main.storyboard */; };
		0209202F2B1F570C00DFBDAC /* Assets.xcassets in Resources */ = {isa = PBXBuildFile; fileRef = 0209202E2B1F570C00DFBDAC /* Assets.xcassets */; };
		020920322B1F570C00DFBDAC /* LaunchScreen.storyboard in Resources */ = {isa = PBXBuildFile; fileRef = 020920302B1F570C00DFBDAC /* LaunchScreen.storyboard */; };
		020920402B1F571F00DFBDAC /* GitHubActionTestProjectTests.swift in Sources */ = {isa = PBXBuildFile; fileRef = 0209203F2B1F571F00DFBDAC /* GitHubActionTestProjectTests.swift */; };
/* End PBXBuildFile section */

/* Begin PBXContainerItemProxy section */
		020920412B1F571F00DFBDAC /* PBXContainerItemProxy */ = {
			isa = PBXContainerItemProxy;
			containerPortal = 0209201A2B1F570B00DFBDAC /* Project object */;
			proxyType = 1;
			remoteGlobalIDString = 020920212B1F570B00DFBDAC;
			remoteInfo = GitHubActionTestProject;
		};
/* End PBXContainerItemProxy section */

/* Begin PBXFileReference section */
		020920222B1F570B00DFBDAC /* GitHubActionTestProject.app */ = {isa = PBXFileReference; explicitFileType = wrapper.application; includeInIndex = 0; path = GitHubActionTestProject.app; sourceTree = BUILT_PRODUCTS_DIR; };
		020920252B1F570B00DFBDAC /* AppDelegate.swift */ = {isa = PBXFileReference; lastKnownFileType = sourcecode.swift; path = AppDelegate.swift; sourceTree = "<group>"; };
		020920272B1F570B00DFBDAC /* SceneDelegate.swift */ = {isa = PBXFileReference; lastKnownFileType = sourcecode.swift; path = SceneDelegate.swift; sourceTree = "<group>"; };
		020920292B1F570B00DFBDAC /* ViewController.swift */ = {isa = PBXFileReference; lastKnownFileType = sourcecode.swift; path = ViewController.swift; sourceTree = "<group>"; };
		0209202C2B1F570B00DFBDAC /* Base */ = {isa = PBXFileReference; lastKnownFileType = file.storyboard; name = Base; path = Base.lproj/Main.storyboard; sourceTree = "<group>"; };
		0209202E2B1F570C00DFBDAC /* Assets.xcassets */ = {isa = PBXFileReference; lastKnownFileType = folder.assetcatalog; path = Assets.xcassets; sourceTree = "<group>"; };
		020920312B1F570C00DFBDAC /* Base */ = {isa = PBXFileReference; lastKnownFileType = file.storyboard; name = Base; path = Base.lproj/LaunchScreen.storyboard; sourceTree = "<group>"; };
		020920332B1F570C00DFBDAC /* Info.plist */ = {isa = PBXFileReference; lastKnownFileType = text.plist.xml; path = Info.plist; sourceTree = "<group>"; };
		0209203D2B1F571F00DFBDAC /* GitHubActionTestProjectTests.xctest */ = {isa = PBXFileReference; explicitFileType = wrapper.cfbundle; includeInIndex = 0; path = GitHubActionTestProjectTests.xctest; sourceTree = BUILT_PRODUCTS_DIR; };
		0209203F2B1F571F00DFBDAC /* GitHubActionTestProjectTests.swift */ = {isa = PBXFileReference; lastKnownFileType = sourcecode.swift; path = GitHubActionTestProjectTests.swift; sourceTree = "<group>"; };
/* End PBXFileReference section */

/* Begin PBXFrameworksBuildPhase section */
		0209201F2B1F570B00DFBDAC /* Frameworks */ = {
			isa = PBXFrameworksBuildPhase;
			buildActionMask = 2147483647;
			files = (
			);
			runOnlyForDeploymentPostprocessing = 0;
		};
		0209203A2B1F571F00DFBDAC /* Frameworks */ = {
			isa = PBXFrameworksBuildPhase;
			buildActionMask = 2147483647;
			files = (
			);
			runOnlyForDeploymentPostprocessing = 0;
		};
/* End PBXFrameworksBuildPhase section */

/* Begin PBXGroup section */
		020920192B1F570B00DFBDAC = {
			isa = PBXGroup;
			children = (
				020920242B1F570B00DFBDAC /* GitHubActionTestProject */,
				0209203E2B1F571F00DFBDAC /* GitHubActionTestProjectTests */,
				020920232B1F570B00DFBDAC /* Products */,
			);
			sourceTree = "<group>";
		};
		020920232B1F570B00DFBDAC /* Products */ = {
			isa = PBXGroup;
			children = (
				020920222B1F570B00DFBDAC /* GitHubActionTestProject.app */,
				0209203D2B1F571F00DFBDAC /* GitHubActionTestProjectTests.xctest */,
			);
			name = Products;
			sourceTree = "<group>";
		};
		020920242B1F570B00DFBDAC /* GitHubActionTestProject */ = {
			isa = PBXGroup;
			children = (
				020920252B1F570B00DFBDAC /* AppDelegate.swift */,
				020920272B1F570B00DFBDAC /* SceneDelegate.swift */,
				020920292B1F570B00DFBDAC /* ViewController.swift */,
				0209202B2B1F570B00DFBDAC /* Main.storyboard */,
				0209202E2B1F570C00DFBDAC /* Assets.xcassets */,
				020920302B1F570C00DFBDAC /* LaunchScreen.storyboard */,
				020920332B1F570C00DFBDAC /* Info.plist */,
			);
			path = GitHubActionTestProject;
			sourceTree = "<group>";
		};
		0209203E2B1F571F00DFBDAC /* GitHubActionTestProjectTests */ = {
			isa = PBXGroup;
			children = (
				0209203F2B1F571F00DFBDAC /* GitHubActionTestProjectTests.swift */,
			);
			path = GitHubActionTestProjectTests;
			sourceTree = "<group>";
		};
/* End PBXGroup section */

/* Begin PBXNativeTarget section */
		020920212B1F570B00DFBDAC /* GitHubActionTestProject */ = {
			isa = PBXNativeTarget;
			buildConfigurationList = 020920362B1F570C00DFBDAC /* Build configuration list for PBXNativeTarget "GitHubActionTestProject" */;
			buildPhases = (
				0209201E2B1F570B00DFBDAC /* Sources */,
				0209201F2B1F570B00DFBDAC /* Frameworks */,
				020920202B1F570B00DFBDAC /* Resources */,
			);
			buildRules = (
			);
			dependencies = (
			);
			name = GitHubActionTestProject;
			productName = GitHubActionTestProject;
			productReference = 020920222B1F570B00DFBDAC /* GitHubActionTestProject.app */;
			productType = "com.apple.product-type.application";
		};
		0209203C2B1F571F00DFBDAC /* GitHubActionTestProjectTests */ = {
			isa = PBXNativeTarget;
			buildConfigurationList = 020920432B1F571F00DFBDAC /* Build configuration list for PBXNativeTarget "GitHubActionTestProjectTests" */;
			buildPhases = (
				020920392B1F571F00DFBDAC /* Sources */,
				0209203A2B1F571F00DFBDAC /* Frameworks */,
				0209203B2B1F571F00DFBDAC /* Resources */,
			);
			buildRules = (
			);
			dependencies = (
				020920422B1F571F00DFBDAC /* PBXTargetDependency */,
			);
			name = GitHubActionTestProjectTests;
			productName = GitHubActionTestProjectTests;
			productReference = 0209203D2B1F571F00DFBDAC /* GitHubActionTestProjectTests.xctest */;
			productType = "com.apple.product-type.bundle.unit-test";
		};
/* End PBXNativeTarget section */

/* Begin PBXProject section */
		0209201A2B1F570B00DFBDAC /* Project object */ = {
			isa = PBXProject;
			attributes = {
				BuildIndependentTargetsInParallel = 1;
				LastSwiftUpdateCheck = 1500;
				LastUpgradeCheck = 1500;
				TargetAttributes = {
					020920212B1F570B00DFBDAC = {
						CreatedOnToolsVersion = 15.0.1;
					};
					0209203C2B1F571F00DFBDAC = {
						CreatedOnToolsVersion = 15.0.1;
						TestTargetID = 020920212B1F570B00DFBDAC;
					};
				};
			};
			buildConfigurationList = 0209201D2B1F570B00DFBDAC /* Build configuration list for PBXProject "GitHubActionTestProject" */;
			compatibilityVersion = "Xcode 14.0";
			developmentRegion = en;
			hasScannedForEncodings = 0;
			knownRegions = (
				en,
				Base,
			);
			mainGroup = 020920192B1F570B00DFBDAC;
			productRefGroup = 020920232B1F570B00DFBDAC /* Products */;
			projectDirPath = "";
			projectRoot = "";
			targets = (
				020920212B1F570B00DFBDAC /* GitHubActionTestProject */,
				0209203C2B1F571F00DFBDAC /* GitHubActionTestProjectTests */,
			);
		};
/* End PBXProject section */

/* Begin PBXResourcesBuildPhase section */
		020920202B1F570B00DFBDAC /* Resources */ = {
			isa = PBXResourcesBuildPhase;
			buildActionMask = 2147483647;
			files = (
				020920322B1F570C00DFBDAC /* LaunchScreen.storyboard in Resources */,
				0209202F2B1F570C00DFBDAC /* Assets.xcassets in Resources */,
				0209202D2B1F570B00DFBDAC /* Main.storyboard in Resources */,
			);
			runOnlyForDeploymentPostprocessing = 0;
		};
		0209203B2B1F571F00DFBDAC /* Resources */ = {
			isa = PBXResourcesBuildPhase;
			buildActionMask = 2147483647;
			files = (
			);
			runOnlyForDeploymentPostprocessing = 0;
		};
/* End PBXResourcesBuildPhase section */

/* Begin PBXSourcesBuildPhase section */
		0209201E2B1F570B00DFBDAC /* Sources */ = {
			isa = PBXSourcesBuildPhase;
			buildActionMask = 2147483647;
			files = (
				0209202A2B1F570B00DFBDAC /* ViewController.swift in Sources */,
				020920262B1F570B00DFBDAC /* AppDelegate.swift in Sources */,
				020920282B1F570B00DFBDAC /* SceneDelegate.swift in Sources */,
			);
			runOnlyForDeploymentPostprocessing = 0;
		};
		020920392B1F571F00DFBDAC /* Sources */ = {
			isa = PBXSourcesBuildPhase;
			buildActionMask = 2147483647;
			files = (
				020920402B1F571F00DFBDAC /* GitHubActionTestProjectTests.swift in Sources */,
			);
			runOnlyForDeploymentPostprocessing = 0;
		};
/* End PBXSourcesBuildPhase section */

/* Begin PBXTargetDependency section */
		020920422B1F571F00DFBDAC /* PBXTargetDependency */ = {
			isa = PBXTargetDependency;
			target = 020920212B1F570B00DFBDAC /* GitHubActionTestProject */;
			targetProxy = 020920412B1F571F00DFBDAC /* PBXContainerItemProxy */;
		};
/* End PBXTargetDependency section */

/* Begin PBXVariantGroup section */
		0209202B2B1F570B00DFBDAC /* Main.storyboard */ = {
			isa = PBXVariantGroup;
			children = (
				0209202C2B1F570B00DFBDAC /* Base */,
			);
			name = Main.storyboard;
			sourceTree = "<group>";
		};
		020920302B1F570C00DFBDAC /* LaunchScreen.storyboard */ = {
			isa = PBXVariantGroup;
			children = (
				020920312B1F570C00DFBDAC /* Base */,
			);
			name = LaunchScreen.storyboard;
			sourceTree = "<group>";
		};
/* End PBXVariantGroup section */

/* Begin XCBuildConfiguration section */
		020920342B1F570C00DFBDAC /* Debug */ = {
			isa = XCBuildConfiguration;
			buildSettings = {
				ALWAYS_SEARCH_USER_PATHS = NO;
				ASSETCATALOG_COMPILER_GENERATE_SWIFT_ASSET_SYMBOL_EXTENSIONS = YES;
				CLANG_ANALYZER_NONNULL = YES;
				CLANG_ANALYZER_NUMBER_OBJECT_CONVERSION = YES_AGGRESSIVE;
				CLANG_CXX_LANGUAGE_STANDARD = "gnu++20";
				CLANG_ENABLE_MODULES = YES;
				CLANG_ENABLE_OBJC_ARC = YES;
				CLANG_ENABLE_OBJC_WEAK = YES;
				CLANG_WARN_BLOCK_CAPTURE_AUTORELEASING = YES;
				CLANG_WARN_BOOL_CONVERSION = YES;
				CLANG_WARN_COMMA = YES;
				CLANG_WARN_CONSTANT_CONVERSION = YES;
				CLANG_WARN_DEPRECATED_OBJC_IMPLEMENTATIONS = YES;
				CLANG_WARN_DIRECT_OBJC_ISA_USAGE = YES_ERROR;
				CLANG_WARN_DOCUMENTATION_COMMENTS = YES;
				CLANG_WARN_EMPTY_BODY = YES;
				CLANG_WARN_ENUM_CONVERSION = YES;
				CLANG_WARN_INFINITE_RECURSION = YES;
				CLANG_WARN_INT_CONVERSION = YES;
				CLANG_WARN_NON_LITERAL_NULL_CONVERSION = YES;
				CLANG_WARN_OBJC_IMPLICIT_RETAIN_SELF = YES;
				CLANG_WARN_OBJC_LITERAL_CONVERSION = YES;
				CLANG_WARN_OBJC_ROOT_CLASS = YES_ERROR;
				CLANG_WARN_QUOTED_INCLUDE_IN_FRAMEWORK_HEADER = YES;
				CLANG_WARN_RANGE_LOOP_ANALYSIS = YES;
				CLANG_WARN_STRICT_PROTOTYPES = YES;
				CLANG_WARN_SUSPICIOUS_MOVE = YES;
				CLANG_WARN_UNGUARDED_AVAILABILITY = YES_AGGRESSIVE;
				CLANG_WARN_UNREACHABLE_CODE = YES;
				CLANG_WARN__DUPLICATE_METHOD_MATCH = YES;
				COPY_PHASE_STRIP = NO;
				DEBUG_INFORMATION_FORMAT = dwarf;
				ENABLE_STRICT_OBJC_MSGSEND = YES;
				ENABLE_TESTABILITY = YES;
				ENABLE_USER_SCRIPT_SANDBOXING = YES;
				GCC_C_LANGUAGE_STANDARD = gnu17;
				GCC_DYNAMIC_NO_PIC = NO;
				GCC_NO_COMMON_BLOCKS = YES;
				GCC_OPTIMIZATION_LEVEL = 0;
				GCC_PREPROCESSOR_DEFINITIONS = (
					"DEBUG=1",
					"$(inherited)",
				);
				GCC_WARN_64_TO_32_BIT_CONVERSION = YES;
				GCC_WARN_ABOUT_RETURN_TYPE = YES_ERROR;
				GCC_WARN_UNDECLARED_SELECTOR = YES;
				GCC_WARN_UNINITIALIZED_AUTOS = YES_AGGRESSIVE;
				GCC_WARN_UNUSED_FUNCTION = YES;
				GCC_WARN_UNUSED_VARIABLE = YES;
				IPHONEOS_DEPLOYMENT_TARGET = 17.0;
				LOCALIZATION_PREFERS_STRING_CATALOGS = YES;
				MTL_ENABLE_DEBUG_INFO = INCLUDE_SOURCE;
				MTL_FAST_MATH = YES;
				ONLY_ACTIVE_ARCH = YES;
				SDKROOT = iphoneos;
				SWIFT_ACTIVE_COMPILATION_CONDITIONS = "DEBUG $(inherited)";
				SWIFT_OPTIMIZATION_LEVEL = "-Onone";
			};
			name = Debug;
		};
		020920352B1F570C00DFBDAC /* Release */ = {
			isa = XCBuildConfiguration;
			buildSettings = {
				ALWAYS_SEARCH_USER_PATHS = NO;
				ASSETCATALOG_COMPILER_GENERATE_SWIFT_ASSET_SYMBOL_EXTENSIONS = YES;
				CLANG_ANALYZER_NONNULL = YES;
				CLANG_ANALYZER_NUMBER_OBJECT_CONVERSION = YES_AGGRESSIVE;
				CLANG_CXX_LANGUAGE_STANDARD = "gnu++20";
				CLANG_ENABLE_MODULES = YES;
				CLANG_ENABLE_OBJC_ARC = YES;
				CLANG_ENABLE_OBJC_WEAK = YES;
				CLANG_WARN_BLOCK_CAPTURE_AUTORELEASING = YES;
				CLANG_WARN_BOOL_CONVERSION = YES;
				CLANG_WARN_COMMA = YES;
				CLANG_WARN_CONSTANT_CONVERSION = YES;
				CLANG_WARN_DEPRECATED_OBJC_IMPLEMENTATIONS = YES;
				CLANG_WARN_DIRECT_OBJC_ISA_USAGE = YES_ERROR;
				CLANG_WARN_DOCUMENTATION_COMMENTS = YES;
				CLANG_WARN_EMPTY_BODY = YES;
				CLANG_WARN_ENUM_CONVERSION = YES;
				CLANG_WARN_INFINITE_RECURSION = YES;
				CLANG_WARN_INT_CONVERSION = YES;
				CLANG_WARN_NON_LITERAL_NULL_CONVERSION = YES;
				CLANG_WARN_OBJC_IMPLICIT_RETAIN_SELF = YES;
				CLANG_WARN_OBJC_LITERAL_CONVERSION = YES;
				CLANG_WARN_OBJC_ROOT_CLASS = YES_ERROR;
				CLANG_WARN_QUOTED_INCLUDE_IN_FRAMEWORK_HEADER = YES;
				CLANG_WARN_RANGE_LOOP_ANALYSIS = YES;
				CLANG_WARN_STRICT_PROTOTYPES = YES;
				CLANG_WARN_SUSPICIOUS_MOVE = YES;
				CLANG_WARN_UNGUARDED_AVAILABILITY = YES_AGGRESSIVE;
				CLANG_WARN_UNREACHABLE_CODE = YES;
				CLANG_WARN__DUPLICATE_METHOD_MATCH = YES;
				COPY_PHASE_STRIP = NO;
				DEBUG_INFORMATION_FORMAT = "dwarf-with-dsym";
				ENABLE_NS_ASSERTIONS = NO;
				ENABLE_STRICT_OBJC_MSGSEND = YES;
				ENABLE_USER_SCRIPT_SANDBOXING = YES;
				GCC_C_LANGUAGE_STANDARD = gnu17;
				GCC_NO_COMMON_BLOCKS = YES;
				GCC_WARN_64_TO_32_BIT_CONVERSION = YES;
				GCC_WARN_ABOUT_RETURN_TYPE = YES_ERROR;
				GCC_WARN_UNDECLARED_SELECTOR = YES;
				GCC_WARN_UNINITIALIZED_AUTOS = YES_AGGRESSIVE;
				GCC_WARN_UNUSED_FUNCTION = YES;
				GCC_WARN_UNUSED_VARIABLE = YES;
				IPHONEOS_DEPLOYMENT_TARGET = 17.0;
				LOCALIZATION_PREFERS_STRING_CATALOGS = YES;
				MTL_ENABLE_DEBUG_INFO = NO;
				MTL_FAST_MATH = YES;
				SDKROOT = iphoneos;
				SWIFT_COMPILATION_MODE = wholemodule;
				VALIDATE_PRODUCT = YES;
			};
			name = Release;
		};
		020920372B1F570C00DFBDAC /* Debug */ = {
			isa = XCBuildConfiguration;
			buildSettings = {
				ASSETCATALOG_COMPILER_APPICON_NAME = AppIcon;
				ASSETCATALOG_COMPILER_GLOBAL_ACCENT_COLOR_NAME = AccentColor;
				CODE_SIGN_STYLE = Automatic;
				CURRENT_PROJECT_VERSION = 1;
				GENERATE_INFOPLIST_FILE = YES;
				INFOPLIST_FILE = GitHubActionTestProject/Info.plist;
				INFOPLIST_KEY_UIApplicationSupportsIndirectInputEvents = YES;
				INFOPLIST_KEY_UILaunchStoryboardName = LaunchScreen;
				INFOPLIST_KEY_UIMainStoryboardFile = Main;
				INFOPLIST_KEY_UISupportedInterfaceOrientations_iPad = "UIInterfaceOrientationPortrait UIInterfaceOrientationPortraitUpsideDown UIInterfaceOrientationLandscapeLeft UIInterfaceOrientationLandscapeRight";
				INFOPLIST_KEY_UISupportedInterfaceOrientations_iPhone = "UIInterfaceOrientationPortrait UIInterfaceOrientationLandscapeLeft UIInterfaceOrientationLandscapeRight";
				LD_RUNPATH_SEARCH_PATHS = (
					"$(inherited)",
					"@executable_path/Frameworks",
				);
				MARKETING_VERSION = 1.0;
				PRODUCT_BUNDLE_IDENTIFIER = kr.sol.GitHubActionTestProject;
				PRODUCT_NAME = "$(TARGET_NAME)";
				SWIFT_EMIT_LOC_STRINGS = YES;
				SWIFT_VERSION = 5.0;
				TARGETED_DEVICE_FAMILY = "1,2";
			};
			name = Debug;
		};
		020920382B1F570C00DFBDAC /* Release */ = {
			isa = XCBuildConfiguration;
			buildSettings = {
				ASSETCATALOG_COMPILER_APPICON_NAME = AppIcon;
				ASSETCATALOG_COMPILER_GLOBAL_ACCENT_COLOR_NAME = AccentColor;
				CODE_SIGN_STYLE = Automatic;
				CURRENT_PROJECT_VERSION = 1;
				GENERATE_INFOPLIST_FILE = YES;
				INFOPLIST_FILE = GitHubActionTestProject/Info.plist;
				INFOPLIST_KEY_UIApplicationSupportsIndirectInputEvents = YES;
				INFOPLIST_KEY_UILaunchStoryboardName = LaunchScreen;
				INFOPLIST_KEY_UIMainStoryboardFile = Main;
				INFOPLIST_KEY_UISupportedInterfaceOrientations_iPad = "UIInterfaceOrientationPortrait UIInterfaceOrientationPortraitUpsideDown UIInterfaceOrientationLandscapeLeft UIInterfaceOrientationLandscapeRight";
				INFOPLIST_KEY_UISupportedInterfaceOrientations_iPhone = "UIInterfaceOrientationPortrait UIInterfaceOrientationLandscapeLeft UIInterfaceOrientationLandscapeRight";
				LD_RUNPATH_SEARCH_PATHS = (
					"$(inherited)",
					"@executable_path/Frameworks",
				);
				MARKETING_VERSION = 1.0;
				PRODUCT_BUNDLE_IDENTIFIER = kr.sol.GitHubActionTestProject;
				PRODUCT_NAME = "$(TARGET_NAME)";
				SWIFT_EMIT_LOC_STRINGS = YES;
				SWIFT_VERSION = 5.0;
				TARGETED_DEVICE_FAMILY = "1,2";
			};
			name = Release;
		};
		020920442B1F571F00DFBDAC /* Debug */ = {
			isa = XCBuildConfiguration;
			buildSettings = {
				BUNDLE_LOADER = "$(TEST_HOST)";
				CODE_SIGN_STYLE = Automatic;
				CURRENT_PROJECT_VERSION = 1;
				GENERATE_INFOPLIST_FILE = YES;
				IPHONEOS_DEPLOYMENT_TARGET = 17.0;
				MACOSX_DEPLOYMENT_TARGET = 14.0;
				MARKETING_VERSION = 1.0;
				PRODUCT_BUNDLE_IDENTIFIER = kr.sol.GitHubActionTestProjectTests;
				PRODUCT_NAME = "$(TARGET_NAME)";
				SDKROOT = auto;
				SUPPORTED_PLATFORMS = "iphoneos iphonesimulator macosx";
				SWIFT_EMIT_LOC_STRINGS = NO;
				SWIFT_VERSION = 5.0;
				TARGETED_DEVICE_FAMILY = "1,2";
				TEST_HOST = "$(BUILT_PRODUCTS_DIR)/GitHubActionTestProject.app/$(BUNDLE_EXECUTABLE_FOLDER_PATH)/GitHubActionTestProject";
			};
			name = Debug;
		};
		020920452B1F571F00DFBDAC /* Release */ = {
			isa = XCBuildConfiguration;
			buildSettings = {
				BUNDLE_LOADER = "$(TEST_HOST)";
				CODE_SIGN_STYLE = Automatic;
				CURRENT_PROJECT_VERSION = 1;
				GENERATE_INFOPLIST_FILE = YES;
				IPHONEOS_DEPLOYMENT_TARGET = 17.0;
				MACOSX_DEPLOYMENT_TARGET = 14.0;
				MARKETING_VERSION = 1.0;
				PRODUCT_BUNDLE_IDENTIFIER = kr.sol.GitHubActionTestProjectTests;
				PRODUCT_NAME = "$(TARGET_NAME)";
				SDKROOT = auto;
				SUPPORTED_PLATFORMS = "iphoneos iphonesimulator macosx";
				SWIFT_EMIT_LOC_STRINGS = NO;
				SWIFT_VERSION = 5.0;
				TARGETED_DEVICE_FAMILY = "1,2";
				TEST_HOST = "$(BUILT_PRODUCTS_DIR)/GitHubActionTestProject.app/$(BUNDLE_EXECUTABLE_FOLDER_PATH)/GitHubActionTestProject";
			};
			name = Release;
		};
/* End XCBuildConfiguration section */

/* Begin XCConfigurationList section */
		0209201D2B1F570B00DFBDAC /* Build configuration list for PBXProject "GitHubActionTestProject" */ = {
			isa = XCConfigurationList;
			buildConfigurations = (
				020920342B1F570C00DFBDAC /* Debug */,
				020920352B1F570C00DFBDAC /* Release */,
			);
			defaultConfigurationIsVisible = 0;
			defaultConfigurationName = Release;
		};
		020920362B1F570C00DFBDAC /* Build configuration list for PBXNativeTarget "GitHubActionTestProject" */ = {
			isa = XCConfigurationList;
			buildConfigurations = (
				020920372B1F570C00DFBDAC /* Debug */,
				020920382B1F570C00DFBDAC /* Release */,
			);
			defaultConfigurationIsVisible = 0;
			defaultConfigurationName = Release;
		};
		020920432B1F571F00DFBDAC /* Build configuration list for PBXNativeTarget "GitHubActionTestProjectTests" */ = {
			isa = XCConfigurationList;
			buildConfigurations = (
				020920442B1F571F00DFBDAC /* Debug */,
				020920452B1F571F00DFBDAC /* Release */,
			);
			defaultConfigurationIsVisible = 0;
			defaultConfigurationName = Release;
		};
/* End XCConfigurationList section */
	};
	rootObject = 0209201A2B1F570B00DFBDAC /* Project object */;
}
